// !$*UTF8*$!
{
	archiveVersion = 1;
	classes = {
	};
	objectVersion = 51;
	objects = {

/* Begin PBXBuildFile section */
		08ED3BE3DC1FFAB34291D97B /* Pods_LearningSwift.framework in Frameworks */ = {isa = PBXBuildFile; fileRef = ACD8962D07F66ABE4A196B43 /* Pods_LearningSwift.framework */; };
		610D72F42677977400CBFAC3 /* LearningSwiftApp.swift in Sources */ = {isa = PBXBuildFile; fileRef = 610D72F32677977400CBFAC3 /* LearningSwiftApp.swift */; };
		610D72F62677977400CBFAC3 /* HomeView.swift in Sources */ = {isa = PBXBuildFile; fileRef = 610D72F52677977400CBFAC3 /* HomeView.swift */; };
		610D72F82677977700CBFAC3 /* Assets.xcassets in Resources */ = {isa = PBXBuildFile; fileRef = 610D72F72677977700CBFAC3 /* Assets.xcassets */; };
		610D72FB2677977700CBFAC3 /* Preview Assets.xcassets in Resources */ = {isa = PBXBuildFile; fileRef = 610D72FA2677977700CBFAC3 /* Preview Assets.xcassets */; };
		610D7308267797E400CBFAC3 /* data.json in Resources */ = {isa = PBXBuildFile; fileRef = 610D7307267797E400CBFAC3 /* data.json */; };
		610D730A267799FD00CBFAC3 /* style.html in Resources */ = {isa = PBXBuildFile; fileRef = 610D7309267799FD00CBFAC3 /* style.html */; };
		610D730C2677A1F500CBFAC3 /* Models.swift in Sources */ = {isa = PBXBuildFile; fileRef = 610D730B2677A1F500CBFAC3 /* Models.swift */; };
		610D730E2677A3CF00CBFAC3 /* ContentModel.swift in Sources */ = {isa = PBXBuildFile; fileRef = 610D730D2677A3CF00CBFAC3 /* ContentModel.swift */; };
		610D73102677B14100CBFAC3 /* HomeViewRow.swift in Sources */ = {isa = PBXBuildFile; fileRef = 610D730F2677B14100CBFAC3 /* HomeViewRow.swift */; };
		612717F5268C524E00B21CE8 /* LaunchView.swift in Sources */ = {isa = PBXBuildFile; fileRef = 612717F4268C524E00B21CE8 /* LaunchView.swift */; };
		612717FC268C52D700B21CE8 /* LoginView.swift in Sources */ = {isa = PBXBuildFile; fileRef = 612717FB268C52D700B21CE8 /* LoginView.swift */; };
		612717FE268C52E400B21CE8 /* ProfileView.swift in Sources */ = {isa = PBXBuildFile; fileRef = 612717FD268C52E400B21CE8 /* ProfileView.swift */; };
		613155C2267B866C00771C12 /* RectangleCard.swift in Sources */ = {isa = PBXBuildFile; fileRef = 613155C1267B866C00771C12 /* RectangleCard.swift */; };
		617DC4292689C58B0063FD60 /* GoogleService-Info.plist in Resources */ = {isa = PBXBuildFile; fileRef = 617DC4282689C58B0063FD60 /* GoogleService-Info.plist */; };
		61B1F904267CE1260008A59E /* ResultTestView.swift in Sources */ = {isa = PBXBuildFile; fileRef = 61B1F903267CE1260008A59E /* ResultTestView.swift */; };
		61B8C3812679F59100EACDDD /* AVKit.framework in Frameworks */ = {isa = PBXBuildFile; fileRef = 61B8C3802679F59100EACDDD /* AVKit.framework */; };
		61B8C3832679F5B500EACDDD /* Constance.swift in Sources */ = {isa = PBXBuildFile; fileRef = 61B8C3822679F5B500EACDDD /* Constance.swift */; };
		61B8C3852679F5CE00EACDDD /* ContentDetailView.swift in Sources */ = {isa = PBXBuildFile; fileRef = 61B8C3842679F5CE00EACDDD /* ContentDetailView.swift */; };
		61C6AA26267BA533007FF1A2 /* TestView.swift in Sources */ = {isa = PBXBuildFile; fileRef = 61C6AA25267BA533007FF1A2 /* TestView.swift */; };
		61CC5524267A340600953DFC /* CodeTextView.swift in Sources */ = {isa = PBXBuildFile; fileRef = 61CC5523267A340600953DFC /* CodeTextView.swift */; };
		61EFC8B72678FC7300475D6F /* ContentView.swift in Sources */ = {isa = PBXBuildFile; fileRef = 61EFC8B62678FC7300475D6F /* ContentView.swift */; };
		61EFC8B92679033100475D6F /* ContentViewRow.swift in Sources */ = {isa = PBXBuildFile; fileRef = 61EFC8B82679033100475D6F /* ContentViewRow.swift */; };
/* End PBXBuildFile section */

/* Begin PBXFileReference section */
		4259E62C72B19C116B21F1B5 /* Pods-LearningSwift.debug.xcconfig */ = {isa = PBXFileReference; includeInIndex = 1; lastKnownFileType = text.xcconfig; name = "Pods-LearningSwift.debug.xcconfig"; path = "Target Support Files/Pods-LearningSwift/Pods-LearningSwift.debug.xcconfig"; sourceTree = "<group>"; };
		610D72F02677977400CBFAC3 /* LearningSwift.app */ = {isa = PBXFileReference; explicitFileType = wrapper.application; includeInIndex = 0; path = LearningSwift.app; sourceTree = BUILT_PRODUCTS_DIR; };
		610D72F32677977400CBFAC3 /* LearningSwiftApp.swift */ = {isa = PBXFileReference; lastKnownFileType = sourcecode.swift; path = LearningSwiftApp.swift; sourceTree = "<group>"; };
		610D72F52677977400CBFAC3 /* HomeView.swift */ = {isa = PBXFileReference; lastKnownFileType = sourcecode.swift; path = HomeView.swift; sourceTree = "<group>"; };
		610D72F72677977700CBFAC3 /* Assets.xcassets */ = {isa = PBXFileReference; lastKnownFileType = folder.assetcatalog; path = Assets.xcassets; sourceTree = "<group>"; };
		610D72FA2677977700CBFAC3 /* Preview Assets.xcassets */ = {isa = PBXFileReference; lastKnownFileType = folder.assetcatalog; path = "Preview Assets.xcassets"; sourceTree = "<group>"; };
		610D72FC2677977700CBFAC3 /* Info.plist */ = {isa = PBXFileReference; lastKnownFileType = text.plist.xml; path = Info.plist; sourceTree = "<group>"; };
		610D7307267797E400CBFAC3 /* data.json */ = {isa = PBXFileReference; fileEncoding = 4; lastKnownFileType = text.json; path = data.json; sourceTree = "<group>"; };
		610D7309267799FD00CBFAC3 /* style.html */ = {isa = PBXFileReference; fileEncoding = 4; lastKnownFileType = text.html; path = style.html; sourceTree = "<group>"; };
		610D730B2677A1F500CBFAC3 /* Models.swift */ = {isa = PBXFileReference; lastKnownFileType = sourcecode.swift; path = Models.swift; sourceTree = "<group>"; };
		610D730D2677A3CF00CBFAC3 /* ContentModel.swift */ = {isa = PBXFileReference; lastKnownFileType = sourcecode.swift; path = ContentModel.swift; sourceTree = "<group>"; };
		610D730F2677B14100CBFAC3 /* HomeViewRow.swift */ = {isa = PBXFileReference; lastKnownFileType = sourcecode.swift; path = HomeViewRow.swift; sourceTree = "<group>"; };
		612717F4268C524E00B21CE8 /* LaunchView.swift */ = {isa = PBXFileReference; lastKnownFileType = sourcecode.swift; path = LaunchView.swift; sourceTree = "<group>"; };
		612717FB268C52D700B21CE8 /* LoginView.swift */ = {isa = PBXFileReference; lastKnownFileType = sourcecode.swift; path = LoginView.swift; sourceTree = "<group>"; };
		612717FD268C52E400B21CE8 /* ProfileView.swift */ = {isa = PBXFileReference; lastKnownFileType = sourcecode.swift; path = ProfileView.swift; sourceTree = "<group>"; };
		613155C1267B866C00771C12 /* RectangleCard.swift */ = {isa = PBXFileReference; lastKnownFileType = sourcecode.swift; path = RectangleCard.swift; sourceTree = "<group>"; };
		617DC4282689C58B0063FD60 /* GoogleService-Info.plist */ = {isa = PBXFileReference; fileEncoding = 4; lastKnownFileType = text.plist.xml; path = "GoogleService-Info.plist"; sourceTree = "<group>"; };
		61B1F903267CE1260008A59E /* ResultTestView.swift */ = {isa = PBXFileReference; lastKnownFileType = sourcecode.swift; path = ResultTestView.swift; sourceTree = "<group>"; };
		61B8C3802679F59100EACDDD /* AVKit.framework */ = {isa = PBXFileReference; lastKnownFileType = wrapper.framework; name = AVKit.framework; path = System/Library/Frameworks/AVKit.framework; sourceTree = SDKROOT; };
		61B8C3822679F5B500EACDDD /* Constance.swift */ = {isa = PBXFileReference; lastKnownFileType = sourcecode.swift; path = Constance.swift; sourceTree = "<group>"; };
		61B8C3842679F5CE00EACDDD /* ContentDetailView.swift */ = {isa = PBXFileReference; lastKnownFileType = sourcecode.swift; path = ContentDetailView.swift; sourceTree = "<group>"; };
		61C6AA25267BA533007FF1A2 /* TestView.swift */ = {isa = PBXFileReference; lastKnownFileType = sourcecode.swift; path = TestView.swift; sourceTree = "<group>"; };
		61CC5523267A340600953DFC /* CodeTextView.swift */ = {isa = PBXFileReference; lastKnownFileType = sourcecode.swift; path = CodeTextView.swift; sourceTree = "<group>"; };
		61EFC8B62678FC7300475D6F /* ContentView.swift */ = {isa = PBXFileReference; lastKnownFileType = sourcecode.swift; path = ContentView.swift; sourceTree = "<group>"; };
		61EFC8B82679033100475D6F /* ContentViewRow.swift */ = {isa = PBXFileReference; lastKnownFileType = sourcecode.swift; path = ContentViewRow.swift; sourceTree = "<group>"; };
		8F08D31082EDAE1122BFE9A1 /* Pods-LearningSwift.release.xcconfig */ = {isa = PBXFileReference; includeInIndex = 1; lastKnownFileType = text.xcconfig; name = "Pods-LearningSwift.release.xcconfig"; path = "Target Support Files/Pods-LearningSwift/Pods-LearningSwift.release.xcconfig"; sourceTree = "<group>"; };
		ACD8962D07F66ABE4A196B43 /* Pods_LearningSwift.framework */ = {isa = PBXFileReference; explicitFileType = wrapper.framework; includeInIndex = 0; path = Pods_LearningSwift.framework; sourceTree = BUILT_PRODUCTS_DIR; };
/* End PBXFileReference section */

/* Begin PBXFrameworksBuildPhase section */
		610D72ED2677977400CBFAC3 /* Frameworks */ = {
			isa = PBXFrameworksBuildPhase;
			buildActionMask = 2147483647;
			files = (
				61B8C3812679F59100EACDDD /* AVKit.framework in Frameworks */,
				08ED3BE3DC1FFAB34291D97B /* Pods_LearningSwift.framework in Frameworks */,
			);
			runOnlyForDeploymentPostprocessing = 0;
		};
/* End PBXFrameworksBuildPhase section */

/* Begin PBXGroup section */
		610D72E72677977400CBFAC3 = {
			isa = PBXGroup;
			children = (
				610D72F22677977400CBFAC3 /* LearningSwift */,
				610D72F12677977400CBFAC3 /* Products */,
				61B8C37F2679F59100EACDDD /* Frameworks */,
				6FCCC43612FEC94FD64890DE /* Pods */,
			);
			sourceTree = "<group>";
		};
		610D72F12677977400CBFAC3 /* Products */ = {
			isa = PBXGroup;
			children = (
				610D72F02677977400CBFAC3 /* LearningSwift.app */,
			);
			name = Products;
			sourceTree = "<group>";
		};
		610D72F22677977400CBFAC3 /* LearningSwift */ = {
			isa = PBXGroup;
			children = (
				610D72F32677977400CBFAC3 /* LearningSwiftApp.swift */,
				610D73042677979500CBFAC3 /* Models */,
				610D73022677978100CBFAC3 /* Views */,
				610D73032677978C00CBFAC3 /* ViewModels */,
				610D7305267797AD00CBFAC3 /* Resources */,
				610D72F72677977700CBFAC3 /* Assets.xcassets */,
				610D72FC2677977700CBFAC3 /* Info.plist */,
				617DC4282689C58B0063FD60 /* GoogleService-Info.plist */,
				610D72F92677977700CBFAC3 /* Preview Content */,
			);
			path = LearningSwift;
			sourceTree = "<group>";
		};
		610D72F92677977700CBFAC3 /* Preview Content */ = {
			isa = PBXGroup;
			children = (
				610D72FA2677977700CBFAC3 /* Preview Assets.xcassets */,
			);
			path = "Preview Content";
			sourceTree = "<group>";
		};
		610D73022677978100CBFAC3 /* Views */ = {
			isa = PBXGroup;
			children = (
				612717F4268C524E00B21CE8 /* LaunchView.swift */,
				612717F7268C525A00B21CE8 /* Home */,
				612717FA268C527200B21CE8 /* Test */,
				612717F9268C526600B21CE8 /* Lesson */,
				612717F8268C526000B21CE8 /* Account */,
				612717F6268C525200B21CE8 /* Common */,
			);
			path = Views;
			sourceTree = "<group>";
		};
		610D73032677978C00CBFAC3 /* ViewModels */ = {
			isa = PBXGroup;
			children = (
				610D730D2677A3CF00CBFAC3 /* ContentModel.swift */,
			);
			path = ViewModels;
			sourceTree = "<group>";
		};
		610D73042677979500CBFAC3 /* Models */ = {
			isa = PBXGroup;
			children = (
				610D730B2677A1F500CBFAC3 /* Models.swift */,
			);
			path = Models;
			sourceTree = "<group>";
		};
		610D7305267797AD00CBFAC3 /* Resources */ = {
			isa = PBXGroup;
			children = (
				610D7309267799FD00CBFAC3 /* style.html */,
				610D7307267797E400CBFAC3 /* data.json */,
				61B8C3822679F5B500EACDDD /* Constance.swift */,
			);
			path = Resources;
			sourceTree = "<group>";
		};
		612717F6268C525200B21CE8 /* Common */ = {
			isa = PBXGroup;
			children = (
				613155C1267B866C00771C12 /* RectangleCard.swift */,
				61CC5523267A340600953DFC /* CodeTextView.swift */,
			);
			path = Common;
			sourceTree = "<group>";
		};
		612717F7268C525A00B21CE8 /* Home */ = {
			isa = PBXGroup;
			children = (
				610D72F52677977400CBFAC3 /* HomeView.swift */,
				610D730F2677B14100CBFAC3 /* HomeViewRow.swift */,
			);
			path = Home;
			sourceTree = "<group>";
		};
		612717F8268C526000B21CE8 /* Account */ = {
			isa = PBXGroup;
			children = (
				612717FB268C52D700B21CE8 /* LoginView.swift */,
				612717FD268C52E400B21CE8 /* ProfileView.swift */,
			);
			path = Account;
			sourceTree = "<group>";
		};
		612717F9268C526600B21CE8 /* Lesson */ = {
			isa = PBXGroup;
			children = (
				61EFC8B62678FC7300475D6F /* ContentView.swift */,
				61EFC8B82679033100475D6F /* ContentViewRow.swift */,
				61B8C3842679F5CE00EACDDD /* ContentDetailView.swift */,
			);
			path = Lesson;
			sourceTree = "<group>";
		};
		612717FA268C527200B21CE8 /* Test */ = {
			isa = PBXGroup;
			children = (
				61C6AA25267BA533007FF1A2 /* TestView.swift */,
				61B1F903267CE1260008A59E /* ResultTestView.swift */,
			);
			path = Test;
			sourceTree = "<group>";
		};
		61B8C37F2679F59100EACDDD /* Frameworks */ = {
			isa = PBXGroup;
			children = (
				61B8C3802679F59100EACDDD /* AVKit.framework */,
				ACD8962D07F66ABE4A196B43 /* Pods_LearningSwift.framework */,
			);
			name = Frameworks;
			sourceTree = "<group>";
		};
		6FCCC43612FEC94FD64890DE /* Pods */ = {
			isa = PBXGroup;
			children = (
				4259E62C72B19C116B21F1B5 /* Pods-LearningSwift.debug.xcconfig */,
				8F08D31082EDAE1122BFE9A1 /* Pods-LearningSwift.release.xcconfig */,
			);
			path = Pods;
			sourceTree = "<group>";
		};
/* End PBXGroup section */

/* Begin PBXNativeTarget section */
		610D72EF2677977400CBFAC3 /* LearningSwift */ = {
			isa = PBXNativeTarget;
			buildConfigurationList = 610D72FF2677977700CBFAC3 /* Build configuration list for PBXNativeTarget "LearningSwift" */;
			buildPhases = (
				874B74C738A5CD781C33BE2E /* [CP] Check Pods Manifest.lock */,
				610D72EC2677977400CBFAC3 /* Sources */,
				610D72ED2677977400CBFAC3 /* Frameworks */,
				610D72EE2677977400CBFAC3 /* Resources */,
				41276C094961AC3FB6692B1F /* [CP] Embed Pods Frameworks */,
			);
			buildRules = (
			);
			dependencies = (
			);
			name = LearningSwift;
			productName = LearningSwift;
			productReference = 610D72F02677977400CBFAC3 /* LearningSwift.app */;
			productType = "com.apple.product-type.application";
		};
/* End PBXNativeTarget section */

/* Begin PBXProject section */
		610D72E82677977400CBFAC3 /* Project object */ = {
			isa = PBXProject;
			attributes = {
				LastSwiftUpdateCheck = 1250;
				LastUpgradeCheck = 1250;
				TargetAttributes = {
					610D72EF2677977400CBFAC3 = {
						CreatedOnToolsVersion = 12.5;
					};
				};
			};
			buildConfigurationList = 610D72EB2677977400CBFAC3 /* Build configuration list for PBXProject "LearningSwift" */;
			compatibilityVersion = "Xcode 9.3";
			developmentRegion = en;
			hasScannedForEncodings = 0;
			knownRegions = (
				en,
				Base,
			);
			mainGroup = 610D72E72677977400CBFAC3;
			productRefGroup = 610D72F12677977400CBFAC3 /* Products */;
			projectDirPath = "";
			projectRoot = "";
			targets = (
				610D72EF2677977400CBFAC3 /* LearningSwift */,
			);
		};
/* End PBXProject section */

/* Begin PBXResourcesBuildPhase section */
		610D72EE2677977400CBFAC3 /* Resources */ = {
			isa = PBXResourcesBuildPhase;
			buildActionMask = 2147483647;
			files = (
				610D72FB2677977700CBFAC3 /* Preview Assets.xcassets in Resources */,
				610D7308267797E400CBFAC3 /* data.json in Resources */,
				617DC4292689C58B0063FD60 /* GoogleService-Info.plist in Resources */,
				610D730A267799FD00CBFAC3 /* style.html in Resources */,
				610D72F82677977700CBFAC3 /* Assets.xcassets in Resources */,
			);
			runOnlyForDeploymentPostprocessing = 0;
		};
/* End PBXResourcesBuildPhase section */

/* Begin PBXShellScriptBuildPhase section */
		41276C094961AC3FB6692B1F /* [CP] Embed Pods Frameworks */ = {
			isa = PBXShellScriptBuildPhase;
			buildActionMask = 2147483647;
			files = (
			);
			inputFileListPaths = (
				"${PODS_ROOT}/Target Support Files/Pods-LearningSwift/Pods-LearningSwift-frameworks-${CONFIGURATION}-input-files.xcfilelist",
			);
			name = "[CP] Embed Pods Frameworks";
			outputFileListPaths = (
				"${PODS_ROOT}/Target Support Files/Pods-LearningSwift/Pods-LearningSwift-frameworks-${CONFIGURATION}-output-files.xcfilelist",
			);
			runOnlyForDeploymentPostprocessing = 0;
			shellPath = /bin/sh;
			shellScript = "\"${PODS_ROOT}/Target Support Files/Pods-LearningSwift/Pods-LearningSwift-frameworks.sh\"\n";
			showEnvVarsInLog = 0;
		};
		874B74C738A5CD781C33BE2E /* [CP] Check Pods Manifest.lock */ = {
			isa = PBXShellScriptBuildPhase;
			buildActionMask = 2147483647;
			files = (
			);
			inputFileListPaths = (
			);
			inputPaths = (
				"${PODS_PODFILE_DIR_PATH}/Podfile.lock",
				"${PODS_ROOT}/Manifest.lock",
			);
			name = "[CP] Check Pods Manifest.lock";
			outputFileListPaths = (
			);
			outputPaths = (
				"$(DERIVED_FILE_DIR)/Pods-LearningSwift-checkManifestLockResult.txt",
			);
			runOnlyForDeploymentPostprocessing = 0;
			shellPath = /bin/sh;
			shellScript = "diff \"${PODS_PODFILE_DIR_PATH}/Podfile.lock\" \"${PODS_ROOT}/Manifest.lock\" > /dev/null\nif [ $? != 0 ] ; then\n    # print error to STDERR\n    echo \"error: The sandbox is not in sync with the Podfile.lock. Run 'pod install' or update your CocoaPods installation.\" >&2\n    exit 1\nfi\n# This output is used by Xcode 'outputs' to avoid re-running this script phase.\necho \"SUCCESS\" > \"${SCRIPT_OUTPUT_FILE_0}\"\n";
			showEnvVarsInLog = 0;
		};
/* End PBXShellScriptBuildPhase section */

/* Begin PBXSourcesBuildPhase section */
		610D72EC2677977400CBFAC3 /* Sources */ = {
			isa = PBXSourcesBuildPhase;
			buildActionMask = 2147483647;
			files = (
				61C6AA26267BA533007FF1A2 /* TestView.swift in Sources */,
				61B8C3832679F5B500EACDDD /* Constance.swift in Sources */,
				610D730C2677A1F500CBFAC3 /* Models.swift in Sources */,
				612717FC268C52D700B21CE8 /* LoginView.swift in Sources */,
				612717F5268C524E00B21CE8 /* LaunchView.swift in Sources */,
				610D73102677B14100CBFAC3 /* HomeViewRow.swift in Sources */,
				61EFC8B72678FC7300475D6F /* ContentView.swift in Sources */,
				61B8C3852679F5CE00EACDDD /* ContentDetailView.swift in Sources */,
				612717FE268C52E400B21CE8 /* ProfileView.swift in Sources */,
				610D730E2677A3CF00CBFAC3 /* ContentModel.swift in Sources */,
				61CC5524267A340600953DFC /* CodeTextView.swift in Sources */,
				61EFC8B92679033100475D6F /* ContentViewRow.swift in Sources */,
				610D72F62677977400CBFAC3 /* HomeView.swift in Sources */,
				61B1F904267CE1260008A59E /* ResultTestView.swift in Sources */,
				613155C2267B866C00771C12 /* RectangleCard.swift in Sources */,
				610D72F42677977400CBFAC3 /* LearningSwiftApp.swift in Sources */,
			);
			runOnlyForDeploymentPostprocessing = 0;
		};
/* End PBXSourcesBuildPhase section */

/* Begin XCBuildConfiguration section */
		610D72FD2677977700CBFAC3 /* Debug */ = {
			isa = XCBuildConfiguration;
			buildSettings = {
				ALWAYS_SEARCH_USER_PATHS = NO;
				CLANG_ANALYZER_NONNULL = YES;
				CLANG_ANALYZER_NUMBER_OBJECT_CONVERSION = YES_AGGRESSIVE;
				CLANG_CXX_LANGUAGE_STANDARD = "gnu++14";
				CLANG_CXX_LIBRARY = "libc++";
				CLANG_ENABLE_MODULES = YES;
				CLANG_ENABLE_OBJC_ARC = YES;
				CLANG_ENABLE_OBJC_WEAK = YES;
				CLANG_WARN_BLOCK_CAPTURE_AUTORELEASING = YES;
				CLANG_WARN_BOOL_CONVERSION = YES;
				CLANG_WARN_COMMA = YES;
				CLANG_WARN_CONSTANT_CONVERSION = YES;
				CLANG_WARN_DEPRECATED_OBJC_IMPLEMENTATIONS = YES;
				CLANG_WARN_DIRECT_OBJC_ISA_USAGE = YES_ERROR;
				CLANG_WARN_DOCUMENTATION_COMMENTS = YES;
				CLANG_WARN_EMPTY_BODY = YES;
				CLANG_WARN_ENUM_CONVERSION = YES;
				CLANG_WARN_INFINITE_RECURSION = YES;
				CLANG_WARN_INT_CONVERSION = YES;
				CLANG_WARN_NON_LITERAL_NULL_CONVERSION = YES;
				CLANG_WARN_OBJC_IMPLICIT_RETAIN_SELF = YES;
				CLANG_WARN_OBJC_LITERAL_CONVERSION = YES;
				CLANG_WARN_OBJC_ROOT_CLASS = YES_ERROR;
				CLANG_WARN_QUOTED_INCLUDE_IN_FRAMEWORK_HEADER = YES;
				CLANG_WARN_RANGE_LOOP_ANALYSIS = YES;
				CLANG_WARN_STRICT_PROTOTYPES = YES;
				CLANG_WARN_SUSPICIOUS_MOVE = YES;
				CLANG_WARN_UNGUARDED_AVAILABILITY = YES_AGGRESSIVE;
				CLANG_WARN_UNREACHABLE_CODE = YES;
				CLANG_WARN__DUPLICATE_METHOD_MATCH = YES;
				COPY_PHASE_STRIP = NO;
				DEBUG_INFORMATION_FORMAT = dwarf;
				ENABLE_STRICT_OBJC_MSGSEND = YES;
				ENABLE_TESTABILITY = YES;
				GCC_C_LANGUAGE_STANDARD = gnu11;
				GCC_DYNAMIC_NO_PIC = NO;
				GCC_NO_COMMON_BLOCKS = YES;
				GCC_OPTIMIZATION_LEVEL = 0;
				GCC_PREPROCESSOR_DEFINITIONS = (
					"DEBUG=1",
					"$(inherited)",
				);
				GCC_WARN_64_TO_32_BIT_CONVERSION = YES;
				GCC_WARN_ABOUT_RETURN_TYPE = YES_ERROR;
				GCC_WARN_UNDECLARED_SELECTOR = YES;
				GCC_WARN_UNINITIALIZED_AUTOS = YES_AGGRESSIVE;
				GCC_WARN_UNUSED_FUNCTION = YES;
				GCC_WARN_UNUSED_VARIABLE = YES;
				IPHONEOS_DEPLOYMENT_TARGET = 14.5;
				MTL_ENABLE_DEBUG_INFO = INCLUDE_SOURCE;
				MTL_FAST_MATH = YES;
				ONLY_ACTIVE_ARCH = YES;
				SDKROOT = iphoneos;
				SWIFT_ACTIVE_COMPILATION_CONDITIONS = DEBUG;
				SWIFT_OPTIMIZATION_LEVEL = "-Onone";
			};
			name = Debug;
		};
		610D72FE2677977700CBFAC3 /* Release */ = {
			isa = XCBuildConfiguration;
			buildSettings = {
				ALWAYS_SEARCH_USER_PATHS = NO;
				CLANG_ANALYZER_NONNULL = YES;
				CLANG_ANALYZER_NUMBER_OBJECT_CONVERSION = YES_AGGRESSIVE;
				CLANG_CXX_LANGUAGE_STANDARD = "gnu++14";
				CLANG_CXX_LIBRARY = "libc++";
				CLANG_ENABLE_MODULES = YES;
				CLANG_ENABLE_OBJC_ARC = YES;
				CLANG_ENABLE_OBJC_WEAK = YES;
				CLANG_WARN_BLOCK_CAPTURE_AUTORELEASING = YES;
				CLANG_WARN_BOOL_CONVERSION = YES;
				CLANG_WARN_COMMA = YES;
				CLANG_WARN_CONSTANT_CONVERSION = YES;
				CLANG_WARN_DEPRECATED_OBJC_IMPLEMENTATIONS = YES;
				CLANG_WARN_DIRECT_OBJC_ISA_USAGE = YES_ERROR;
				CLANG_WARN_DOCUMENTATION_COMMENTS = YES;
				CLANG_WARN_EMPTY_BODY = YES;
				CLANG_WARN_ENUM_CONVERSION = YES;
				CLANG_WARN_INFINITE_RECURSION = YES;
				CLANG_WARN_INT_CONVERSION = YES;
				CLANG_WARN_NON_LITERAL_NULL_CONVERSION = YES;
				CLANG_WARN_OBJC_IMPLICIT_RETAIN_SELF = YES;
				CLANG_WARN_OBJC_LITERAL_CONVERSION = YES;
				CLANG_WARN_OBJC_ROOT_CLASS = YES_ERROR;
				CLANG_WARN_QUOTED_INCLUDE_IN_FRAMEWORK_HEADER = YES;
				CLANG_WARN_RANGE_LOOP_ANALYSIS = YES;
				CLANG_WARN_STRICT_PROTOTYPES = YES;
				CLANG_WARN_SUSPICIOUS_MOVE = YES;
				CLANG_WARN_UNGUARDED_AVAILABILITY = YES_AGGRESSIVE;
				CLANG_WARN_UNREACHABLE_CODE = YES;
				CLANG_WARN__DUPLICATE_METHOD_MATCH = YES;
				COPY_PHASE_STRIP = NO;
				DEBUG_INFORMATION_FORMAT = "dwarf-with-dsym";
				ENABLE_NS_ASSERTIONS = NO;
				ENABLE_STRICT_OBJC_MSGSEND = YES;
				GCC_C_LANGUAGE_STANDARD = gnu11;
				GCC_NO_COMMON_BLOCKS = YES;
				GCC_WARN_64_TO_32_BIT_CONVERSION = YES;
				GCC_WARN_ABOUT_RETURN_TYPE = YES_ERROR;
				GCC_WARN_UNDECLARED_SELECTOR = YES;
				GCC_WARN_UNINITIALIZED_AUTOS = YES_AGGRESSIVE;
				GCC_WARN_UNUSED_FUNCTION = YES;
				GCC_WARN_UNUSED_VARIABLE = YES;
				IPHONEOS_DEPLOYMENT_TARGET = 14.5;
				MTL_ENABLE_DEBUG_INFO = NO;
				MTL_FAST_MATH = YES;
				SDKROOT = iphoneos;
				SWIFT_COMPILATION_MODE = wholemodule;
				SWIFT_OPTIMIZATION_LEVEL = "-O";
				VALIDATE_PRODUCT = YES;
			};
			name = Release;
		};
		610D73002677977700CBFAC3 /* Debug */ = {
			isa = XCBuildConfiguration;
			baseConfigurationReference = 4259E62C72B19C116B21F1B5 /* Pods-LearningSwift.debug.xcconfig */;
			buildSettings = {
				ASSETCATALOG_COMPILER_APPICON_NAME = AppIcon;
				ASSETCATALOG_COMPILER_GLOBAL_ACCENT_COLOR_NAME = AccentColor;
				CODE_SIGN_STYLE = Automatic;
				DEVELOPMENT_ASSET_PATHS = "\"LearningSwift/Preview Content\"";
				DEVELOPMENT_TEAM = MN56A5F393;
				ENABLE_PREVIEWS = YES;
				INFOPLIST_FILE = LearningSwift/Info.plist;
				IPHONEOS_DEPLOYMENT_TARGET = 14.0;
				LD_RUNPATH_SEARCH_PATHS = (
					"$(inherited)",
					"@executable_path/Frameworks",
				);
				PRODUCT_BUNDLE_IDENTIFIER = "com.DHV-.LearningSwift";
				PRODUCT_NAME = "$(TARGET_NAME)";
				SWIFT_VERSION = 5.0;
				TARGETED_DEVICE_FAMILY = "1,2";
			};
			name = Debug;
		};
		610D73012677977700CBFAC3 /* Release */ = {
			isa = XCBuildConfiguration;
			baseConfigurationReference = 8F08D31082EDAE1122BFE9A1 /* Pods-LearningSwift.release.xcconfig */;
			buildSettings = {
				ASSETCATALOG_COMPILER_APPICON_NAME = AppIcon;
				ASSETCATALOG_COMPILER_GLOBAL_ACCENT_COLOR_NAME = AccentColor;
				CODE_SIGN_STYLE = Automatic;
				DEVELOPMENT_ASSET_PATHS = "\"LearningSwift/Preview Content\"";
				DEVELOPMENT_TEAM = MN56A5F393;
				ENABLE_PREVIEWS = YES;
				INFOPLIST_FILE = LearningSwift/Info.plist;
				IPHONEOS_DEPLOYMENT_TARGET = 14.0;
				LD_RUNPATH_SEARCH_PATHS = (
					"$(inherited)",
					"@executable_path/Frameworks",
				);
				PRODUCT_BUNDLE_IDENTIFIER = "com.DHV-.LearningSwift";
				PRODUCT_NAME = "$(TARGET_NAME)";
				SWIFT_VERSION = 5.0;
				TARGETED_DEVICE_FAMILY = "1,2";
			};
			name = Release;
		};
/* End XCBuildConfiguration section */

/* Begin XCConfigurationList section */
		610D72EB2677977400CBFAC3 /* Build configuration list for PBXProject "LearningSwift" */ = {
			isa = XCConfigurationList;
			buildConfigurations = (
				610D72FD2677977700CBFAC3 /* Debug */,
				610D72FE2677977700CBFAC3 /* Release */,
			);
			defaultConfigurationIsVisible = 0;
			defaultConfigurationName = Release;
		};
		610D72FF2677977700CBFAC3 /* Build configuration list for PBXNativeTarget "LearningSwift" */ = {
			isa = XCConfigurationList;
			buildConfigurations = (
				610D73002677977700CBFAC3 /* Debug */,
				610D73012677977700CBFAC3 /* Release */,
			);
			defaultConfigurationIsVisible = 0;
			defaultConfigurationName = Release;
		};
/* End XCConfigurationList section */
	};
	rootObject = 610D72E82677977400CBFAC3 /* Project object */;
}
